
Microsoft Visual Studio Solution File, Format Version 12.00
# Visual Studio Version 16
VisualStudioVersion = 16.0.29613.14
MinimumVisualStudioVersion = 10.0.40219.1
Project("{FAE04EC0-301F-11D3-BF4B-00C04F79EFBC}") = "BMS.Web", "BMS.Web\BMS.Web.csproj", "{74075161-FEE1-4F14-BD1E-880B6551DED5}"
EndProject
Project("{FAE04EC0-301F-11D3-BF4B-00C04F79EFBC}") = "BMS.BLL", "BMS.BLL\BMS.BLL.csproj", "{F95916FF-6B5B-4D89-9DFA-3467861C5C48}"
EndProject
Project("{FAE04EC0-301F-11D3-BF4B-00C04F79EFBC}") = "BMS.DAL", "BMS.DAL\BMS.DAL.csproj", "{1442EDF6-ABD7-4DF9-87A7-342FE31BFB26}"
EndProject
Project("{FAE04EC0-301F-11D3-BF4B-00C04F79EFBC}") = "BMS.Models", "BMS.Models\BMS.Models.csproj", "{2B3E2466-783E-415F-95AB-8AC2828D9A93}"
EndProject
Project("{2150E333-8FDC-42A3-9474-1A3956D46DE8}") = "Tools", "Tools", "{089F672E-7138-4329-ACEF-AF416B39683F}"
EndProject
Project("{FAE04EC0-301F-11D3-BF4B-00C04F79EFBC}") = "BMS.Migatior", "BMS.Migatior\BMS.Migatior.csproj", "{0B6FACBF-F373-41F3-B993-D3519145E823}"
EndProject
Global
	GlobalSection(SolutionConfigurationPlatforms) = preSolution
		Debug|Any CPU = Debug|Any CPU
		Release|Any CPU = Release|Any CPU
	EndGlobalSection
	GlobalSection(ProjectConfigurationPlatforms) = postSolution
		{74075161-FEE1-4F14-BD1E-880B6551DED5}.Debug|Any CPU.ActiveCfg = Debug|Any CPU
		{74075161-FEE1-4F14-BD1E-880B6551DED5}.Debug|Any CPU.Build.0 = Debug|Any CPU
		{74075161-FEE1-4F14-BD1E-880B6551DED5}.Release|Any CPU.ActiveCfg = Release|Any CPU
		{74075161-FEE1-4F14-BD1E-880B6551DED5}.Release|Any CPU.Build.0 = Release|Any CPU
		{F95916FF-6B5B-4D89-9DFA-3467861C5C48}.Debug|Any CPU.ActiveCfg = Debug|Any CPU
		{F95916FF-6B5B-4D89-9DFA-3467861C5C48}.Debug|Any CPU.Build.0 = Debug|Any CPU
		{F95916FF-6B5B-4D89-9DFA-3467861C5C48}.Release|Any CPU.ActiveCfg = Release|Any CPU
		{F95916FF-6B5B-4D89-9DFA-3467861C5C48}.Release|Any CPU.Build.0 = Release|Any CPU
		{1442EDF6-ABD7-4DF9-87A7-342FE31BFB26}.Debug|Any CPU.ActiveCfg = Debug|Any CPU
		{1442EDF6-ABD7-4DF9-87A7-342FE31BFB26}.Debug|Any CPU.Build.0 = Debug|Any CPU
		{1442EDF6-ABD7-4DF9-87A7-342FE31BFB26}.Release|Any CPU.ActiveCfg = Release|Any CPU
		{1442EDF6-ABD7-4DF9-87A7-342FE31BFB26}.Release|Any CPU.Build.0 = Release|Any CPU
		{2B3E2466-783E-415F-95AB-8AC2828D9A93}.Debug|Any CPU.ActiveCfg = Debug|Any CPU
		{2B3E2466-783E-415F-95AB-8AC2828D9A93}.Debug|Any CPU.Build.0 = Debug|Any CPU
		{2B3E2466-783E-415F-95AB-8AC2828D9A93}.Release|Any CPU.ActiveCfg = Release|Any CPU
		{2B3E2466-783E-415F-95AB-8AC2828D9A93}.Release|Any CPU.Build.0 = Release|Any CPU
		{0B6FACBF-F373-41F3-B993-D3519145E823}.Debug|Any CPU.ActiveCfg = Debug|Any CPU
		{0B6FACBF-F373-41F3-B993-D3519145E823}.Debug|Any CPU.Build.0 = Debug|Any CPU
		{0B6FACBF-F373-41F3-B993-D3519145E823}.Release|Any CPU.ActiveCfg = Release|Any CPU
		{0B6FACBF-F373-41F3-B993-D3519145E823}.Release|Any CPU.Build.0 = Release|Any CPU
	EndGlobalSection
	GlobalSection(SolutionProperties) = preSolution
		HideSolutionNode = FALSE
	EndGlobalSection
	GlobalSection(NestedProjects) = preSolution
		{0B6FACBF-F373-41F3-B993-D3519145E823} = {089F672E-7138-4329-ACEF-AF416B39683F}
	EndGlobalSection
	GlobalSection(ExtensibilityGlobals) = postSolution
		SolutionGuid = {457AFBDC-6FF5-4A46-9894-C19311E9F0C5}
	EndGlobalSection
EndGlobal
